// !$*UTF8*$!
{
	archiveVersion = 1;
	classes = {
	};
	objectVersion = 77;
	objects = {

/* Begin PBXContainerItemProxy section */
		7DC0C97F2D5B2CD100AA48BC /* PBXContainerItemProxy */ = {
			isa = PBXContainerItemProxy;
			containerPortal = 7DC0C9662D5B2CCE00AA48BC /* Project object */;
			proxyType = 1;
			remoteGlobalIDString = 7DC0C96D2D5B2CCE00AA48BC;
			remoteInfo = DynamicApp;
		};
		7DC0C9892D5B2CD100AA48BC /* PBXContainerItemProxy */ = {
			isa = PBXContainerItemProxy;
			containerPortal = 7DC0C9662D5B2CCE00AA48BC /* Project object */;
			proxyType = 1;
			remoteGlobalIDString = 7DC0C96D2D5B2CCE00AA48BC;
			remoteInfo = DynamicApp;
		};
/* End PBXContainerItemProxy section */

/* Begin PBXFileReference section */
		7DC0C96E2D5B2CCE00AA48BC /* DynamicApp.app */ = {isa = PBXFileReference; explicitFileType = wrapper.application; includeInIndex = 0; path = DynamicApp.app; sourceTree = BUILT_PRODUCTS_DIR; };
		7DC0C97E2D5B2CD100AA48BC /* DynamicAppTests.xctest */ = {isa = PBXFileReference; explicitFileType = wrapper.cfbundle; includeInIndex = 0; path = DynamicAppTests.xctest; sourceTree = BUILT_PRODUCTS_DIR; };
		7DC0C9882D5B2CD100AA48BC /* DynamicAppUITests.xctest */ = {isa = PBXFileReference; explicitFileType = wrapper.cfbundle; includeInIndex = 0; path = DynamicAppUITests.xctest; sourceTree = BUILT_PRODUCTS_DIR; };
/* End PBXFileReference section */

/* Begin PBXFileSystemSynchronizedRootGroup section */
		7DC0C9702D5B2CCE00AA48BC /* DynamicApp */ = {
			isa = PBXFileSystemSynchronizedRootGroup;
			path = DynamicApp;
			sourceTree = "<group>";
		};
		7DC0C9812D5B2CD100AA48BC /* DynamicAppTests */ = {
			isa = PBXFileSystemSynchronizedRootGroup;
			path = DynamicAppTests;
			sourceTree = "<group>";
		};
		7DC0C98B2D5B2CD100AA48BC /* DynamicAppUITests */ = {
			isa = PBXFileSystemSynchronizedRootGroup;
			path = DynamicAppUITests;
			sourceTree = "<group>";
		};
/* End PBXFileSystemSynchronizedRootGroup section */

/* Begin PBXFrameworksBuildPhase section */
		7DC0C96B2D5B2CCE00AA48BC /* Frameworks */ = {
			isa = PBXFrameworksBuildPhase;
			buildActionMask = 2147483647;
			files = (
			);
			runOnlyForDeploymentPostprocessing = 0;
		};
		7DC0C97B2D5B2CD100AA48BC /* Frameworks */ = {
			isa = PBXFrameworksBuildPhase;
			buildActionMask = 2147483647;
			files = (
			);
			runOnlyForDeploymentPostprocessing = 0;
		};
		7DC0C9852D5B2CD100AA48BC /* Frameworks */ = {
			isa = PBXFrameworksBuildPhase;
			buildActionMask = 2147483647;
			files = (
			);
			runOnlyForDeploymentPostprocessing = 0;
		};
/* End PBXFrameworksBuildPhase section */

/* Begin PBXGroup section */
		7DC0C9652D5B2CCE00AA48BC = {
			isa = PBXGroup;
			children = (
				7DC0C9702D5B2CCE00AA48BC /* DynamicApp */,
				7DC0C9812D5B2CD100AA48BC /* DynamicAppTests */,
				7DC0C98B2D5B2CD100AA48BC /* DynamicAppUITests */,
				7DC0C96F2D5B2CCE00AA48BC /* Products */,
			);
			sourceTree = "<group>";
		};
		7DC0C96F2D5B2CCE00AA48BC /* Products */ = {
			isa = PBXGroup;
			children = (
				7DC0C96E2D5B2CCE00AA48BC /* DynamicApp.app */,
				7DC0C97E2D5B2CD100AA48BC /* DynamicAppTests.xctest */,
				7DC0C9882D5B2CD100AA48BC /* DynamicAppUITests.xctest */,
			);
			name = Products;
			sourceTree = "<group>";
		};
/* End PBXGroup section */

/* Begin PBXNativeTarget section */
		7DC0C96D2D5B2CCE00AA48BC /* DynamicApp */ = {
			isa = PBXNativeTarget;
			buildConfigurationList = 7DC0C9922D5B2CD100AA48BC /* Build configuration list for PBXNativeTarget "DynamicApp" */;
			buildPhases = (
				7DC0C96A2D5B2CCE00AA48BC /* Sources */,
				7DC0C96B2D5B2CCE00AA48BC /* Frameworks */,
				7DC0C96C2D5B2CCE00AA48BC /* Resources */,
			);
			buildRules = (
			);
			dependencies = (
			);
			fileSystemSynchronizedGroups = (
				7DC0C9702D5B2CCE00AA48BC /* DynamicApp */,
			);
			name = DynamicApp;
			packageProductDependencies = (
			);
			productName = DynamicApp;
			productReference = 7DC0C96E2D5B2CCE00AA48BC /* DynamicApp.app */;
			productType = "com.apple.product-type.application";
		};
		7DC0C97D2D5B2CD100AA48BC /* DynamicAppTests */ = {
			isa = PBXNativeTarget;
			buildConfigurationList = 7DC0C9952D5B2CD100AA48BC /* Build configuration list for PBXNativeTarget "DynamicAppTests" */;
			buildPhases = (
				7DC0C97A2D5B2CD100AA48BC /* Sources */,
				7DC0C97B2D5B2CD100AA48BC /* Frameworks */,
				7DC0C97C2D5B2CD100AA48BC /* Resources */,
			);
			buildRules = (
			);
			dependencies = (
				7DC0C9802D5B2CD100AA48BC /* PBXTargetDependency */,
			);
			fileSystemSynchronizedGroups = (
				7DC0C9812D5B2CD100AA48BC /* DynamicAppTests */,
			);
			name = DynamicAppTests;
			packageProductDependencies = (
			);
			productName = DynamicAppTests;
			productReference = 7DC0C97E2D5B2CD100AA48BC /* DynamicAppTests.xctest */;
			productType = "com.apple.product-type.bundle.unit-test";
		};
		7DC0C9872D5B2CD100AA48BC /* DynamicAppUITests */ = {
			isa = PBXNativeTarget;
			buildConfigurationList = 7DC0C9982D5B2CD100AA48BC /* Build configuration list for PBXNativeTarget "DynamicAppUITests" */;
			buildPhases = (
				7DC0C9842D5B2CD100AA48BC /* Sources */,
				7DC0C9852D5B2CD100AA48BC /* Frameworks */,
				7DC0C9862D5B2CD100AA48BC /* Resources */,
			);
			buildRules = (
			);
			dependencies = (
				7DC0C98A2D5B2CD100AA48BC /* PBXTargetDependency */,
			);
			fileSystemSynchronizedGroups = (
				7DC0C98B2D5B2CD100AA48BC /* DynamicAppUITests */,
			);
			name = DynamicAppUITests;
			packageProductDependencies = (
			);
			productName = DynamicAppUITests;
			productReference = 7DC0C9882D5B2CD100AA48BC /* DynamicAppUITests.xctest */;
			productType = "com.apple.product-type.bundle.ui-testing";
		};
/* End PBXNativeTarget section */

/* Begin PBXProject section */
		7DC0C9662D5B2CCE00AA48BC /* Project object */ = {
			isa = PBXProject;
			attributes = {
				BuildIndependentTargetsInParallel = 1;
				LastSwiftUpdateCheck = 1620;
				LastUpgradeCheck = 1620;
				TargetAttributes = {
					7DC0C96D2D5B2CCE00AA48BC = {
						CreatedOnToolsVersion = 16.2;
					};
					7DC0C97D2D5B2CD100AA48BC = {
						CreatedOnToolsVersion = 16.2;
						TestTargetID = 7DC0C96D2D5B2CCE00AA48BC;
					};
					7DC0C9872D5B2CD100AA48BC = {
						CreatedOnToolsVersion = 16.2;
						TestTargetID = 7DC0C96D2D5B2CCE00AA48BC;
					};
				};
			};
			buildConfigurationList = 7DC0C9692D5B2CCE00AA48BC /* Build configuration list for PBXProject "DynamicApp" */;
			developmentRegion = en;
			hasScannedForEncodings = 0;
			knownRegions = (
				en,
				Base,
			);
			mainGroup = 7DC0C9652D5B2CCE00AA48BC;
			minimizedProjectReferenceProxies = 1;
			preferredProjectObjectVersion = 77;
			productRefGroup = 7DC0C96F2D5B2CCE00AA48BC /* Products */;
			projectDirPath = "";
			projectRoot = "";
			targets = (
				7DC0C96D2D5B2CCE00AA48BC /* DynamicApp */,
				7DC0C97D2D5B2CD100AA48BC /* DynamicAppTests */,
				7DC0C9872D5B2CD100AA48BC /* DynamicAppUITests */,
			);
		};
/* End PBXProject section */

/* Begin PBXResourcesBuildPhase section */
		7DC0C96C2D5B2CCE00AA48BC /* Resources */ = {
			isa = PBXResourcesBuildPhase;
			buildActionMask = 2147483647;
			files = (
			);
			runOnlyForDeploymentPostprocessing = 0;
		};
		7DC0C97C2D5B2CD100AA48BC /* Resources */ = {
			isa = PBXResourcesBuildPhase;
			buildActionMask = 2147483647;
			files = (
			);
			runOnlyForDeploymentPostprocessing = 0;
		};
		7DC0C9862D5B2CD100AA48BC /* Resources */ = {
			isa = PBXResourcesBuildPhase;
			buildActionMask = 2147483647;
			files = (
			);
			runOnlyForDeploymentPostprocessing = 0;
		};
/* End PBXResourcesBuildPhase section */

/* Begin PBXSourcesBuildPhase section */
		7DC0C96A2D5B2CCE00AA48BC /* Sources */ = {
			isa = PBXSourcesBuildPhase;
			buildActionMask = 2147483647;
			files = (
			);
			runOnlyForDeploymentPostprocessing = 0;
		};
		7DC0C97A2D5B2CD100AA48BC /* Sources */ = {
			isa = PBXSourcesBuildPhase;
			buildActionMask = 2147483647;
			files = (
			);
			runOnlyForDeploymentPostprocessing = 0;
		};
		7DC0C9842D5B2CD100AA48BC /* Sources */ = {
			isa = PBXSourcesBuildPhase;
			buildActionMask = 2147483647;
			files = (
			);
			runOnlyForDeploymentPostprocessing = 0;
		};
/* End PBXSourcesBuildPhase section */

/* Begin PBXTargetDependency section */
		7DC0C9802D5B2CD100AA48BC /* PBXTargetDependency */ = {
			isa = PBXTargetDependency;
			target = 7DC0C96D2D5B2CCE00AA48BC /* DynamicApp */;
			targetProxy = 7DC0C97F2D5B2CD100AA48BC /* PBXContainerItemProxy */;
		};
		7DC0C98A2D5B2CD100AA48BC /* PBXTargetDependency */ = {
			isa = PBXTargetDependency;
			target = 7DC0C96D2D5B2CCE00AA48BC /* DynamicApp */;
			targetProxy = 7DC0C9892D5B2CD100AA48BC /* PBXContainerItemProxy */;
		};
/* End PBXTargetDependency section */

/* Begin XCBuildConfiguration section */
		7DC0C9902D5B2CD100AA48BC /* Debug */ = {
			isa = XCBuildConfiguration;
			buildSettings = {
				ALWAYS_SEARCH_USER_PATHS = NO;
				ASSETCATALOG_COMPILER_GENERATE_SWIFT_ASSET_SYMBOL_EXTENSIONS = YES;
				CLANG_ANALYZER_NONNULL = YES;
				CLANG_ANALYZER_NUMBER_OBJECT_CONVERSION = YES_AGGRESSIVE;
				CLANG_CXX_LANGUAGE_STANDARD = "gnu++20";
				CLANG_ENABLE_MODULES = YES;
				CLANG_ENABLE_OBJC_ARC = YES;
				CLANG_ENABLE_OBJC_WEAK = YES;
				CLANG_WARN_BLOCK_CAPTURE_AUTORELEASING = YES;
				CLANG_WARN_BOOL_CONVERSION = YES;
				CLANG_WARN_COMMA = YES;
				CLANG_WARN_CONSTANT_CONVERSION = YES;
				CLANG_WARN_DEPRECATED_OBJC_IMPLEMENTATIONS = YES;
				CLANG_WARN_DIRECT_OBJC_ISA_USAGE = YES_ERROR;
				CLANG_WARN_DOCUMENTATION_COMMENTS = YES;
				CLANG_WARN_EMPTY_BODY = YES;
				CLANG_WARN_ENUM_CONVERSION = YES;
				CLANG_WARN_INFINITE_RECURSION = YES;
				CLANG_WARN_INT_CONVERSION = YES;
				CLANG_WARN_NON_LITERAL_NULL_CONVERSION = YES;
				CLANG_WARN_OBJC_IMPLICIT_RETAIN_SELF = YES;
				CLANG_WARN_OBJC_LITERAL_CONVERSION = YES;
				CLANG_WARN_OBJC_ROOT_CLASS = YES_ERROR;
				CLANG_WARN_QUOTED_INCLUDE_IN_FRAMEWORK_HEADER = YES;
				CLANG_WARN_RANGE_LOOP_ANALYSIS = YES;
				CLANG_WARN_STRICT_PROTOTYPES = YES;
				CLANG_WARN_SUSPICIOUS_MOVE = YES;
				CLANG_WARN_UNGUARDED_AVAILABILITY = YES_AGGRESSIVE;
				CLANG_WARN_UNREACHABLE_CODE = YES;
				CLANG_WARN__DUPLICATE_METHOD_MATCH = YES;
				COPY_PHASE_STRIP = NO;
				DEBUG_INFORMATION_FORMAT = dwarf;
				ENABLE_STRICT_OBJC_MSGSEND = YES;
				ENABLE_TESTABILITY = YES;
				ENABLE_USER_SCRIPT_SANDBOXING = YES;
				GCC_C_LANGUAGE_STANDARD = gnu17;
				GCC_DYNAMIC_NO_PIC = NO;
				GCC_NO_COMMON_BLOCKS = YES;
				GCC_OPTIMIZATION_LEVEL = 0;
				GCC_PREPROCESSOR_DEFINITIONS = (
					"DEBUG=1",
					"$(inherited)",
				);
				GCC_WARN_64_TO_32_BIT_CONVERSION = YES;
				GCC_WARN_ABOUT_RETURN_TYPE = YES_ERROR;
				GCC_WARN_UNDECLARED_SELECTOR = YES;
				GCC_WARN_UNINITIALIZED_AUTOS = YES_AGGRESSIVE;
				GCC_WARN_UNUSED_FUNCTION = YES;
				GCC_WARN_UNUSED_VARIABLE = YES;
				IPHONEOS_DEPLOYMENT_TARGET = 18.2;
				LOCALIZATION_PREFERS_STRING_CATALOGS = YES;
				MTL_ENABLE_DEBUG_INFO = INCLUDE_SOURCE;
				MTL_FAST_MATH = YES;
				ONLY_ACTIVE_ARCH = YES;
				SDKROOT = iphoneos;
				SWIFT_ACTIVE_COMPILATION_CONDITIONS = "DEBUG $(inherited)";
				SWIFT_OPTIMIZATION_LEVEL = "-Onone";
			};
			name = Debug;
		};
		7DC0C9912D5B2CD100AA48BC /* Release */ = {
			isa = XCBuildConfiguration;
			buildSettings = {
				ALWAYS_SEARCH_USER_PATHS = NO;
				ASSETCATALOG_COMPILER_GENERATE_SWIFT_ASSET_SYMBOL_EXTENSIONS = YES;
				CLANG_ANALYZER_NONNULL = YES;
				CLANG_ANALYZER_NUMBER_OBJECT_CONVERSION = YES_AGGRESSIVE;
				CLANG_CXX_LANGUAGE_STANDARD = "gnu++20";
				CLANG_ENABLE_MODULES = YES;
				CLANG_ENABLE_OBJC_ARC = YES;
				CLANG_ENABLE_OBJC_WEAK = YES;
				CLANG_WARN_BLOCK_CAPTURE_AUTORELEASING = YES;
				CLANG_WARN_BOOL_CONVERSION = YES;
				CLANG_WARN_COMMA = YES;
				CLANG_WARN_CONSTANT_CONVERSION = YES;
				CLANG_WARN_DEPRECATED_OBJC_IMPLEMENTATIONS = YES;
				CLANG_WARN_DIRECT_OBJC_ISA_USAGE = YES_ERROR;
				CLANG_WARN_DOCUMENTATION_COMMENTS = YES;
				CLANG_WARN_EMPTY_BODY = YES;
				CLANG_WARN_ENUM_CONVERSION = YES;
				CLANG_WARN_INFINITE_RECURSION = YES;
				CLANG_WARN_INT_CONVERSION = YES;
				CLANG_WARN_NON_LITERAL_NULL_CONVERSION = YES;
				CLANG_WARN_OBJC_IMPLICIT_RETAIN_SELF = YES;
				CLANG_WARN_OBJC_LITERAL_CONVERSION = YES;
				CLANG_WARN_OBJC_ROOT_CLASS = YES_ERROR;
				CLANG_WARN_QUOTED_INCLUDE_IN_FRAMEWORK_HEADER = YES;
				CLANG_WARN_RANGE_LOOP_ANALYSIS = YES;
				CLANG_WARN_STRICT_PROTOTYPES = YES;
				CLANG_WARN_SUSPICIOUS_MOVE = YES;
				CLANG_WARN_UNGUARDED_AVAILABILITY = YES_AGGRESSIVE;
				CLANG_WARN_UNREACHABLE_CODE = YES;
				CLANG_WARN__DUPLICATE_METHOD_MATCH = YES;
				COPY_PHASE_STRIP = NO;
				DEBUG_INFORMATION_FORMAT = "dwarf-with-dsym";
				ENABLE_NS_ASSERTIONS = NO;
				ENABLE_STRICT_OBJC_MSGSEND = YES;
				ENABLE_USER_SCRIPT_SANDBOXING = YES;
				GCC_C_LANGUAGE_STANDARD = gnu17;
				GCC_NO_COMMON_BLOCKS = YES;
				GCC_WARN_64_TO_32_BIT_CONVERSION = YES;
				GCC_WARN_ABOUT_RETURN_TYPE = YES_ERROR;
				GCC_WARN_UNDECLARED_SELECTOR = YES;
				GCC_WARN_UNINITIALIZED_AUTOS = YES_AGGRESSIVE;
				GCC_WARN_UNUSED_FUNCTION = YES;
				GCC_WARN_UNUSED_VARIABLE = YES;
				IPHONEOS_DEPLOYMENT_TARGET = 18.2;
				LOCALIZATION_PREFERS_STRING_CATALOGS = YES;
				MTL_ENABLE_DEBUG_INFO = NO;
				MTL_FAST_MATH = YES;
				SDKROOT = iphoneos;
				SWIFT_COMPILATION_MODE = wholemodule;
				VALIDATE_PRODUCT = YES;
			};
			name = Release;
		};
		7DC0C9932D5B2CD100AA48BC /* Debug */ = {
			isa = XCBuildConfiguration;
			buildSettings = {
				ASSETCATALOG_COMPILER_APPICON_NAME = AppIcon;
				ASSETCATALOG_COMPILER_GLOBAL_ACCENT_COLOR_NAME = AccentColor;
				CODE_SIGN_STYLE = Automatic;
				CURRENT_PROJECT_VERSION = 1;
				DEVELOPMENT_ASSET_PATHS = "\"DynamicApp/Preview Content\"";
				DEVELOPMENT_TEAM = 5HQX6AA4HM;
				ENABLE_PREVIEWS = YES;
				GENERATE_INFOPLIST_FILE = YES;
				INFOPLIST_KEY_UIApplicationSceneManifest_Generation = YES;
				INFOPLIST_KEY_UIApplicationSupportsIndirectInputEvents = YES;
				INFOPLIST_KEY_UILaunchScreen_Generation = YES;
				INFOPLIST_KEY_UISupportedInterfaceOrientations_iPad = "UIInterfaceOrientationPortrait UIInterfaceOrientationPortraitUpsideDown UIInterfaceOrientationLandscapeLeft UIInterfaceOrientationLandscapeRight";
				INFOPLIST_KEY_UISupportedInterfaceOrientations_iPhone = "UIInterfaceOrientationPortrait UIInterfaceOrientationLandscapeLeft UIInterfaceOrientationLandscapeRight";
				LD_RUNPATH_SEARCH_PATHS = (
					"$(inherited)",
					"@executable_path/Frameworks",
				);
				MARKETING_VERSION = 1.0;
				PRODUCT_BUNDLE_IDENTIFIER = UiSwift.DynamicApp;
				PRODUCT_NAME = "$(TARGET_NAME)";
				SWIFT_EMIT_LOC_STRINGS = YES;
				SWIFT_VERSION = 5.0;
				TARGETED_DEVICE_FAMILY = "1,2";
			};
			name = Debug;
		};
		7DC0C9942D5B2CD100AA48BC /* Release */ = {
			isa = XCBuildConfiguration;
			buildSettings = {
				ASSETCATALOG_COMPILER_APPICON_NAME = AppIcon;
				ASSETCATALOG_COMPILER_GLOBAL_ACCENT_COLOR_NAME = AccentColor;
				CODE_SIGN_STYLE = Automatic;
				CURRENT_PROJECT_VERSION = 1;
				DEVELOPMENT_ASSET_PATHS = "\"DynamicApp/Preview Content\"";
				DEVELOPMENT_TEAM = 5HQX6AA4HM;
				ENABLE_PREVIEWS = YES;
				GENERATE_INFOPLIST_FILE = YES;
				INFOPLIST_KEY_UIApplicationSceneManifest_Generation = YES;
				INFOPLIST_KEY_UIApplicationSupportsIndirectInputEvents = YES;
				INFOPLIST_KEY_UILaunchScreen_Generation = YES;
				INFOPLIST_KEY_UISupportedInterfaceOrientations_iPad = "UIInterfaceOrientationPortrait UIInterfaceOrientationPortraitUpsideDown UIInterfaceOrientationLandscapeLeft UIInterfaceOrientationLandscapeRight";
				INFOPLIST_KEY_UISupportedInterfaceOrientations_iPhone = "UIInterfaceOrientationPortrait UIInterfaceOrientationLandscapeLeft UIInterfaceOrientationLandscapeRight";
				LD_RUNPATH_SEARCH_PATHS = (
					"$(inherited)",
					"@executable_path/Frameworks",
				);
				MARKETING_VERSION = 1.0;
				PRODUCT_BUNDLE_IDENTIFIER = UiSwift.DynamicApp;
				PRODUCT_NAME = "$(TARGET_NAME)";
				SWIFT_EMIT_LOC_STRINGS = YES;
				SWIFT_VERSION = 5.0;
				TARGETED_DEVICE_FAMILY = "1,2";
			};
			name = Release;
		};
		7DC0C9962D5B2CD100AA48BC /* Debug */ = {
			isa = XCBuildConfiguration;
			buildSettings = {
				BUNDLE_LOADER = "$(TEST_HOST)";
				CODE_SIGN_STYLE = Automatic;
				CURRENT_PROJECT_VERSION = 1;
				DEVELOPMENT_TEAM = 5HQX6AA4HM;
				GENERATE_INFOPLIST_FILE = YES;
				IPHONEOS_DEPLOYMENT_TARGET = 18.2;
				MARKETING_VERSION = 1.0;
				PRODUCT_BUNDLE_IDENTIFIER = UiSwift.DynamicAppTests;
				PRODUCT_NAME = "$(TARGET_NAME)";
				SWIFT_EMIT_LOC_STRINGS = NO;
				SWIFT_VERSION = 5.0;
				TARGETED_DEVICE_FAMILY = "1,2";
				TEST_HOST = "$(BUILT_PRODUCTS_DIR)/DynamicApp.app/$(BUNDLE_EXECUTABLE_FOLDER_PATH)/DynamicApp";
			};
			name = Debug;
		};
		7DC0C9972D5B2CD100AA48BC /* Release */ = {
			isa = XCBuildConfiguration;
			buildSettings = {
				BUNDLE_LOADER = "$(TEST_HOST)";
				CODE_SIGN_STYLE = Automatic;
				CURRENT_PROJECT_VERSION = 1;
				DEVELOPMENT_TEAM = 5HQX6AA4HM;
				GENERATE_INFOPLIST_FILE = YES;
				IPHONEOS_DEPLOYMENT_TARGET = 18.2;
				MARKETING_VERSION = 1.0;
				PRODUCT_BUNDLE_IDENTIFIER = UiSwift.DynamicAppTests;
				PRODUCT_NAME = "$(TARGET_NAME)";
				SWIFT_EMIT_LOC_STRINGS = NO;
				SWIFT_VERSION = 5.0;
				TARGETED_DEVICE_FAMILY = "1,2";
				TEST_HOST = "$(BUILT_PRODUCTS_DIR)/DynamicApp.app/$(BUNDLE_EXECUTABLE_FOLDER_PATH)/DynamicApp";
			};
			name = Release;
		};
		7DC0C9992D5B2CD100AA48BC /* Debug */ = {
			isa = XCBuildConfiguration;
			buildSettings = {
				CODE_SIGN_STYLE = Automatic;
				CURRENT_PROJECT_VERSION = 1;
				DEVELOPMENT_TEAM = 5HQX6AA4HM;
				GENERATE_INFOPLIST_FILE = YES;
				MARKETING_VERSION = 1.0;
				PRODUCT_BUNDLE_IDENTIFIER = UiSwift.DynamicAppUITests;
				PRODUCT_NAME = "$(TARGET_NAME)";
				SWIFT_EMIT_LOC_STRINGS = NO;
				SWIFT_VERSION = 5.0;
				TARGETED_DEVICE_FAMILY = "1,2";
				TEST_TARGET_NAME = DynamicApp;
			};
			name = Debug;
		};
		7DC0C99A2D5B2CD100AA48BC /* Release */ = {
			isa = XCBuildConfiguration;
			buildSettings = {
				CODE_SIGN_STYLE = Automatic;
				CURRENT_PROJECT_VERSION = 1;
				DEVELOPMENT_TEAM = 5HQX6AA4HM;
				GENERATE_INFOPLIST_FILE = YES;
				MARKETING_VERSION = 1.0;
				PRODUCT_BUNDLE_IDENTIFIER = UiSwift.DynamicAppUITests;
				PRODUCT_NAME = "$(TARGET_NAME)";
				SWIFT_EMIT_LOC_STRINGS = NO;
				SWIFT_VERSION = 5.0;
				TARGETED_DEVICE_FAMILY = "1,2";
				TEST_TARGET_NAME = DynamicApp;
			};
			name = Release;
		};
/* End XCBuildConfiguration section */

/* Begin XCConfigurationList section */
		7DC0C9692D5B2CCE00AA48BC /* Build configuration list for PBXProject "DynamicApp" */ = {
			isa = XCConfigurationList;
			buildConfigurations = (
				7DC0C9902D5B2CD100AA48BC /* Debug */,
				7DC0C9912D5B2CD100AA48BC /* Release */,
			);
			defaultConfigurationIsVisible = 0;
			defaultConfigurationName = Release;
		};
		7DC0C9922D5B2CD100AA48BC /* Build configuration list for PBXNativeTarget "DynamicApp" */ = {
			isa = XCConfigurationList;
			buildConfigurations = (
				7DC0C9932D5B2CD100AA48BC /* Debug */,
				7DC0C9942D5B2CD100AA48BC /* Release */,
			);
			defaultConfigurationIsVisible = 0;
			defaultConfigurationName = Release;
		};
		7DC0C9952D5B2CD100AA48BC /* Build configuration list for PBXNativeTarget "DynamicAppTests" */ = {
			isa = XCConfigurationList;
			buildConfigurations = (
				7DC0C9962D5B2CD100AA48BC /* Debug */,
				7DC0C9972D5B2CD100AA48BC /* Release */,
			);
			defaultConfigurationIsVisible = 0;
			defaultConfigurationName = Release;
		};
		7DC0C9982D5B2CD100AA48BC /* Build configuration list for PBXNativeTarget "DynamicAppUITests" */ = {
			isa = XCConfigurationList;
			buildConfigurations = (
				7DC0C9992D5B2CD100AA48BC /* Debug */,
				7DC0C99A2D5B2CD100AA48BC /* Release */,
			);
			defaultConfigurationIsVisible = 0;
			defaultConfigurationName = Release;
		};
/* End XCConfigurationList section */
	};
	rootObject = 7DC0C9662D5B2CCE00AA48BC /* Project object */;
}
